
Microsoft Visual Studio Solution File, Format Version 12.00
# Visual Studio Version 16
VisualStudioVersion = 16.0.29215.179
MinimumVisualStudioVersion = 10.0.40219.1
Project("{FAE04EC0-301F-11D3-BF4B-00C04F79EFBC}") = "Waterskibaan", "Waterskibaan\Waterskibaan.csproj", "{9818A091-04E3-4A10-B4E8-E2EC78F56185}"
EndProject
Project("{FAE04EC0-301F-11D3-BF4B-00C04F79EFBC}") = "Visualisatie", "Visualisatie\Visualisatie.csproj", "{B15449C5-7784-4533-86E2-473DAB66DA7D}"
EndProject
Global
	GlobalSection(SolutionConfigurationPlatforms) = preSolution
		Debug|Any CPU = Debug|Any CPU
		Release|Any CPU = Release|Any CPU
	EndGlobalSection
	GlobalSection(ProjectConfigurationPlatforms) = postSolution
		{9818A091-04E3-4A10-B4E8-E2EC78F56185}.Debug|Any CPU.ActiveCfg = Debug|Any CPU
		{9818A091-04E3-4A10-B4E8-E2EC78F56185}.Debug|Any CPU.Build.0 = Debug|Any CPU
		{9818A091-04E3-4A10-B4E8-E2EC78F56185}.Release|Any CPU.ActiveCfg = Release|Any CPU
		{9818A091-04E3-4A10-B4E8-E2EC78F56185}.Release|Any CPU.Build.0 = Release|Any CPU
		{B15449C5-7784-4533-86E2-473DAB66DA7D}.Debug|Any CPU.ActiveCfg = Debug|Any CPU
		{B15449C5-7784-4533-86E2-473DAB66DA7D}.Debug|Any CPU.Build.0 = Debug|Any CPU
		{B15449C5-7784-4533-86E2-473DAB66DA7D}.Release|Any CPU.ActiveCfg = Release|Any CPU
		{B15449C5-7784-4533-86E2-473DAB66DA7D}.Release|Any CPU.Build.0 = Release|Any CPU
	EndGlobalSection
	GlobalSection(SolutionProperties) = preSolution
		HideSolutionNode = FALSE
	EndGlobalSection
	GlobalSection(ExtensibilityGlobals) = postSolution
		SolutionGuid = {9BF68919-27CE-44AA-8B0A-536B18258CEC}
	EndGlobalSection
EndGlobal
